
Microsoft Visual Studio Solution File, Format Version 12.00
# Visual Studio Version 17
VisualStudioVersion = 17.13.35913.81 d17.13
MinimumVisualStudioVersion = 10.0.40219.1
Project("{FAE04EC0-301F-11D3-BF4B-00C04F79EFBC}") = "Data", "Data\Data.csproj", "{20B91001-8553-46F6-992A-ADF04B333581}"
EndProject
Project("{FAE04EC0-301F-11D3-BF4B-00C04F79EFBC}") = "Logic", "Logic\Logic.csproj", "{27D7CBA3-DE47-4CFB-9A67-4AA01E656F52}"
EndProject
Project("{FAE04EC0-301F-11D3-BF4B-00C04F79EFBC}") = "ViewModel", "ViewModel\ViewModel.csproj", "{6D17E573-D245-4E50-AD14-577D4BF0F4D6}"
EndProject
Project("{FAE04EC0-301F-11D3-BF4B-00C04F79EFBC}") = "Model", "Model\Model.csproj", "{08AD2575-95DD-446A-9CCC-ABB5F6E1C211}"
EndProject
Project("{FAE04EC0-301F-11D3-BF4B-00C04F79EFBC}") = "DataTest", "DataTest\DataTest.csproj", "{76EA49AC-2A81-45B6-86C1-DC4B72B905EB}"
EndProject
Project("{FAE04EC0-301F-11D3-BF4B-00C04F79EFBC}") = "LogicTest", "LogicTest\LogicTest.csproj", "{012B827F-0F30-4F5F-BAE6-A38935D9548C}"
EndProject
Project("{FAE04EC0-301F-11D3-BF4B-00C04F79EFBC}") = "View", "View\View.csproj", "{3C3136D7-BFE3-43BE-A6FA-BD0FAB7E91F6}"
EndProject
Global
	GlobalSection(SolutionConfigurationPlatforms) = preSolution
		Debug|Any CPU = Debug|Any CPU
		Release|Any CPU = Release|Any CPU
	EndGlobalSection
	GlobalSection(ProjectConfigurationPlatforms) = postSolution
		{20B91001-8553-46F6-992A-ADF04B333581}.Debug|Any CPU.ActiveCfg = Debug|Any CPU
		{20B91001-8553-46F6-992A-ADF04B333581}.Debug|Any CPU.Build.0 = Debug|Any CPU
		{20B91001-8553-46F6-992A-ADF04B333581}.Release|Any CPU.ActiveCfg = Release|Any CPU
		{20B91001-8553-46F6-992A-ADF04B333581}.Release|Any CPU.Build.0 = Release|Any CPU
		{27D7CBA3-DE47-4CFB-9A67-4AA01E656F52}.Debug|Any CPU.ActiveCfg = Debug|Any CPU
		{27D7CBA3-DE47-4CFB-9A67-4AA01E656F52}.Debug|Any CPU.Build.0 = Debug|Any CPU
		{27D7CBA3-DE47-4CFB-9A67-4AA01E656F52}.Release|Any CPU.ActiveCfg = Release|Any CPU
		{27D7CBA3-DE47-4CFB-9A67-4AA01E656F52}.Release|Any CPU.Build.0 = Release|Any CPU
		{6D17E573-D245-4E50-AD14-577D4BF0F4D6}.Debug|Any CPU.ActiveCfg = Debug|Any CPU
		{6D17E573-D245-4E50-AD14-577D4BF0F4D6}.Debug|Any CPU.Build.0 = Debug|Any CPU
		{6D17E573-D245-4E50-AD14-577D4BF0F4D6}.Release|Any CPU.ActiveCfg = Release|Any CPU
		{6D17E573-D245-4E50-AD14-577D4BF0F4D6}.Release|Any CPU.Build.0 = Release|Any CPU
		{08AD2575-95DD-446A-9CCC-ABB5F6E1C211}.Debug|Any CPU.ActiveCfg = Debug|Any CPU
		{08AD2575-95DD-446A-9CCC-ABB5F6E1C211}.Debug|Any CPU.Build.0 = Debug|Any CPU
		{08AD2575-95DD-446A-9CCC-ABB5F6E1C211}.Release|Any CPU.ActiveCfg = Release|Any CPU
		{08AD2575-95DD-446A-9CCC-ABB5F6E1C211}.Release|Any CPU.Build.0 = Release|Any CPU
		{76EA49AC-2A81-45B6-86C1-DC4B72B905EB}.Debug|Any CPU.ActiveCfg = Debug|Any CPU
		{76EA49AC-2A81-45B6-86C1-DC4B72B905EB}.Debug|Any CPU.Build.0 = Debug|Any CPU
		{76EA49AC-2A81-45B6-86C1-DC4B72B905EB}.Release|Any CPU.ActiveCfg = Release|Any CPU
		{76EA49AC-2A81-45B6-86C1-DC4B72B905EB}.Release|Any CPU.Build.0 = Release|Any CPU
		{012B827F-0F30-4F5F-BAE6-A38935D9548C}.Debug|Any CPU.ActiveCfg = Debug|Any CPU
		{012B827F-0F30-4F5F-BAE6-A38935D9548C}.Debug|Any CPU.Build.0 = Debug|Any CPU
		{012B827F-0F30-4F5F-BAE6-A38935D9548C}.Release|Any CPU.ActiveCfg = Release|Any CPU
		{012B827F-0F30-4F5F-BAE6-A38935D9548C}.Release|Any CPU.Build.0 = Release|Any CPU
		{3C3136D7-BFE3-43BE-A6FA-BD0FAB7E91F6}.Debug|Any CPU.ActiveCfg = Debug|Any CPU
		{3C3136D7-BFE3-43BE-A6FA-BD0FAB7E91F6}.Debug|Any CPU.Build.0 = Debug|Any CPU
		{3C3136D7-BFE3-43BE-A6FA-BD0FAB7E91F6}.Release|Any CPU.ActiveCfg = Release|Any CPU
		{3C3136D7-BFE3-43BE-A6FA-BD0FAB7E91F6}.Release|Any CPU.Build.0 = Release|Any CPU
	EndGlobalSection
	GlobalSection(SolutionProperties) = preSolution
		HideSolutionNode = FALSE
	EndGlobalSection
	GlobalSection(ExtensibilityGlobals) = postSolution
		SolutionGuid = {7834D430-BDD1-446E-8970-2B89A8BC8848}
	EndGlobalSection
EndGlobal
